// !$*UTF8*$!
{
	archiveVersion = 1;
	classes = {
	};
	objectVersion = 55;
	objects = {

/* Begin PBXBuildFile section */
		F97867A6275A6F0600A48328 /* AppDelegate.swift in Sources */ = {isa = PBXBuildFile; fileRef = F97867A5275A6F0600A48328 /* AppDelegate.swift */; };
		F97867A8275A6F0600A48328 /* SceneDelegate.swift in Sources */ = {isa = PBXBuildFile; fileRef = F97867A7275A6F0600A48328 /* SceneDelegate.swift */; };
		F97867AA275A6F0600A48328 /* ArtistSearchViewController.swift in Sources */ = {isa = PBXBuildFile; fileRef = F97867A9275A6F0600A48328 /* ArtistSearchViewController.swift */; };
		F97867AD275A6F0600A48328 /* Main.storyboard in Resources */ = {isa = PBXBuildFile; fileRef = F97867AB275A6F0600A48328 /* Main.storyboard */; };
		F97867B0275A6F0600A48328 /* MusicApp.xcdatamodeld in Sources */ = {isa = PBXBuildFile; fileRef = F97867AE275A6F0600A48328 /* MusicApp.xcdatamodeld */; };
		F97867B2275A6F0800A48328 /* Assets.xcassets in Resources */ = {isa = PBXBuildFile; fileRef = F97867B1275A6F0800A48328 /* Assets.xcassets */; };
		F97867B5275A6F0800A48328 /* LaunchScreen.storyboard in Resources */ = {isa = PBXBuildFile; fileRef = F97867B3275A6F0800A48328 /* LaunchScreen.storyboard */; };
		F97867C0275A6F0800A48328 /* MusicAppTests.swift in Sources */ = {isa = PBXBuildFile; fileRef = F97867BF275A6F0800A48328 /* MusicAppTests.swift */; };
		F97867CA275A6F0800A48328 /* MusicAppUITests.swift in Sources */ = {isa = PBXBuildFile; fileRef = F97867C9275A6F0800A48328 /* MusicAppUITests.swift */; };
		F97867CC275A6F0800A48328 /* MusicAppUITestsLaunchTests.swift in Sources */ = {isa = PBXBuildFile; fileRef = F97867CB275A6F0800A48328 /* MusicAppUITestsLaunchTests.swift */; };
		F97867DB275A737500A48328 /* AlbumsViewController.swift in Sources */ = {isa = PBXBuildFile; fileRef = F97867DA275A737500A48328 /* AlbumsViewController.swift */; };
		F97867DD275A73A100A48328 /* TracksViewController.swift in Sources */ = {isa = PBXBuildFile; fileRef = F97867DC275A73A100A48328 /* TracksViewController.swift */; };
		F97867E1275BC21B00A48328 /* ArtistTableViewCell.swift in Sources */ = {isa = PBXBuildFile; fileRef = F97867E0275BC21B00A48328 /* ArtistTableViewCell.swift */; };
		F97867E3275BC22F00A48328 /* AlbumCollectionViewCell.swift in Sources */ = {isa = PBXBuildFile; fileRef = F97867E2275BC22F00A48328 /* AlbumCollectionViewCell.swift */; };
		F97867E5275BC24200A48328 /* TrackTableViewCell.swift in Sources */ = {isa = PBXBuildFile; fileRef = F97867E4275BC24200A48328 /* TrackTableViewCell.swift */; };
		F97867E7275BC55E00A48328 /* AlbumModel.swift in Sources */ = {isa = PBXBuildFile; fileRef = F97867E6275BC55E00A48328 /* AlbumModel.swift */; };
		F97867E9275CF5FB00A48328 /* NetworkRequest.swift in Sources */ = {isa = PBXBuildFile; fileRef = F97867E8275CF5FB00A48328 /* NetworkRequest.swift */; };
		F97867EB275D601E00A48328 /* ArtistModel.swift in Sources */ = {isa = PBXBuildFile; fileRef = F97867EA275D601E00A48328 /* ArtistModel.swift */; };
		F97867ED275D63A700A48328 /* TrackModel.swift in Sources */ = {isa = PBXBuildFile; fileRef = F97867EC275D63A700A48328 /* TrackModel.swift */; };
		F9B020C3276092B700DCDBBC /* ArtistsHeaderView.xib in Resources */ = {isa = PBXBuildFile; fileRef = F9B020C2276092B700DCDBBC /* ArtistsHeaderView.xib */; };
		F9B020C52760952100DCDBBC /* ArtistsHeaderView.swift in Sources */ = {isa = PBXBuildFile; fileRef = F9B020C42760952100DCDBBC /* ArtistsHeaderView.swift */; };
		F9B020C72760E26C00DCDBBC /* Constants.swift in Sources */ = {isa = PBXBuildFile; fileRef = F9B020C62760E26C00DCDBBC /* Constants.swift */; };
		F9B020CB2760F8FC00DCDBBC /* AlbumHeaderView.swift in Sources */ = {isa = PBXBuildFile; fileRef = F9B020CA2760F8FC00DCDBBC /* AlbumHeaderView.swift */; };
		F9B020CD2760F91100DCDBBC /* AlbumHeaderView.xib in Resources */ = {isa = PBXBuildFile; fileRef = F9B020CC2760F91100DCDBBC /* AlbumHeaderView.xib */; };
/* End PBXBuildFile section */

/* Begin PBXContainerItemProxy section */
		F97867BC275A6F0800A48328 /* PBXContainerItemProxy */ = {
			isa = PBXContainerItemProxy;
			containerPortal = F978679A275A6F0600A48328 /* Project object */;
			proxyType = 1;
			remoteGlobalIDString = F97867A1275A6F0600A48328;
			remoteInfo = MusicApp;
		};
		F97867C6275A6F0800A48328 /* PBXContainerItemProxy */ = {
			isa = PBXContainerItemProxy;
			containerPortal = F978679A275A6F0600A48328 /* Project object */;
			proxyType = 1;
			remoteGlobalIDString = F97867A1275A6F0600A48328;
			remoteInfo = MusicApp;
		};
/* End PBXContainerItemProxy section */

/* Begin PBXFileReference section */
		F97867A2275A6F0600A48328 /* MusicApp.app */ = {isa = PBXFileReference; explicitFileType = wrapper.application; includeInIndex = 0; path = MusicApp.app; sourceTree = BUILT_PRODUCTS_DIR; };
		F97867A5275A6F0600A48328 /* AppDelegate.swift */ = {isa = PBXFileReference; lastKnownFileType = sourcecode.swift; path = AppDelegate.swift; sourceTree = "<group>"; };
		F97867A7275A6F0600A48328 /* SceneDelegate.swift */ = {isa = PBXFileReference; lastKnownFileType = sourcecode.swift; path = SceneDelegate.swift; sourceTree = "<group>"; };
		F97867A9275A6F0600A48328 /* ArtistSearchViewController.swift */ = {isa = PBXFileReference; lastKnownFileType = sourcecode.swift; path = ArtistSearchViewController.swift; sourceTree = "<group>"; };
		F97867AC275A6F0600A48328 /* Base */ = {isa = PBXFileReference; lastKnownFileType = file.storyboard; name = Base; path = Base.lproj/Main.storyboard; sourceTree = "<group>"; };
		F97867AF275A6F0600A48328 /* MusicApp.xcdatamodel */ = {isa = PBXFileReference; lastKnownFileType = wrapper.xcdatamodel; path = MusicApp.xcdatamodel; sourceTree = "<group>"; };
		F97867B1275A6F0800A48328 /* Assets.xcassets */ = {isa = PBXFileReference; lastKnownFileType = folder.assetcatalog; path = Assets.xcassets; sourceTree = "<group>"; };
		F97867B4275A6F0800A48328 /* Base */ = {isa = PBXFileReference; lastKnownFileType = file.storyboard; name = Base; path = Base.lproj/LaunchScreen.storyboard; sourceTree = "<group>"; };
		F97867B6275A6F0800A48328 /* Info.plist */ = {isa = PBXFileReference; lastKnownFileType = text.plist.xml; path = Info.plist; sourceTree = "<group>"; };
		F97867BB275A6F0800A48328 /* MusicAppTests.xctest */ = {isa = PBXFileReference; explicitFileType = wrapper.cfbundle; includeInIndex = 0; path = MusicAppTests.xctest; sourceTree = BUILT_PRODUCTS_DIR; };
		F97867BF275A6F0800A48328 /* MusicAppTests.swift */ = {isa = PBXFileReference; lastKnownFileType = sourcecode.swift; path = MusicAppTests.swift; sourceTree = "<group>"; };
		F97867C5275A6F0800A48328 /* MusicAppUITests.xctest */ = {isa = PBXFileReference; explicitFileType = wrapper.cfbundle; includeInIndex = 0; path = MusicAppUITests.xctest; sourceTree = BUILT_PRODUCTS_DIR; };
		F97867C9275A6F0800A48328 /* MusicAppUITests.swift */ = {isa = PBXFileReference; lastKnownFileType = sourcecode.swift; path = MusicAppUITests.swift; sourceTree = "<group>"; };
		F97867CB275A6F0800A48328 /* MusicAppUITestsLaunchTests.swift */ = {isa = PBXFileReference; lastKnownFileType = sourcecode.swift; path = MusicAppUITestsLaunchTests.swift; sourceTree = "<group>"; };
		F97867DA275A737500A48328 /* AlbumsViewController.swift */ = {isa = PBXFileReference; lastKnownFileType = sourcecode.swift; path = AlbumsViewController.swift; sourceTree = "<group>"; };
		F97867DC275A73A100A48328 /* TracksViewController.swift */ = {isa = PBXFileReference; lastKnownFileType = sourcecode.swift; path = TracksViewController.swift; sourceTree = "<group>"; };
		F97867E0275BC21B00A48328 /* ArtistTableViewCell.swift */ = {isa = PBXFileReference; lastKnownFileType = sourcecode.swift; path = ArtistTableViewCell.swift; sourceTree = "<group>"; };
		F97867E2275BC22F00A48328 /* AlbumCollectionViewCell.swift */ = {isa = PBXFileReference; lastKnownFileType = sourcecode.swift; path = AlbumCollectionViewCell.swift; sourceTree = "<group>"; };
		F97867E4275BC24200A48328 /* TrackTableViewCell.swift */ = {isa = PBXFileReference; lastKnownFileType = sourcecode.swift; path = TrackTableViewCell.swift; sourceTree = "<group>"; };
		F97867E6275BC55E00A48328 /* AlbumModel.swift */ = {isa = PBXFileReference; lastKnownFileType = sourcecode.swift; path = AlbumModel.swift; sourceTree = "<group>"; };
		F97867E8275CF5FB00A48328 /* NetworkRequest.swift */ = {isa = PBXFileReference; lastKnownFileType = sourcecode.swift; path = NetworkRequest.swift; sourceTree = "<group>"; };
		F97867EA275D601E00A48328 /* ArtistModel.swift */ = {isa = PBXFileReference; lastKnownFileType = sourcecode.swift; path = ArtistModel.swift; sourceTree = "<group>"; };
		F97867EC275D63A700A48328 /* TrackModel.swift */ = {isa = PBXFileReference; lastKnownFileType = sourcecode.swift; path = TrackModel.swift; sourceTree = "<group>"; };
		F9B020C2276092B700DCDBBC /* ArtistsHeaderView.xib */ = {isa = PBXFileReference; lastKnownFileType = file.xib; path = ArtistsHeaderView.xib; sourceTree = "<group>"; };
		F9B020C42760952100DCDBBC /* ArtistsHeaderView.swift */ = {isa = PBXFileReference; lastKnownFileType = sourcecode.swift; path = ArtistsHeaderView.swift; sourceTree = "<group>"; };
		F9B020C62760E26C00DCDBBC /* Constants.swift */ = {isa = PBXFileReference; lastKnownFileType = sourcecode.swift; path = Constants.swift; sourceTree = "<group>"; };
		F9B020CA2760F8FC00DCDBBC /* AlbumHeaderView.swift */ = {isa = PBXFileReference; lastKnownFileType = sourcecode.swift; path = AlbumHeaderView.swift; sourceTree = "<group>"; };
		F9B020CC2760F91100DCDBBC /* AlbumHeaderView.xib */ = {isa = PBXFileReference; lastKnownFileType = file.xib; path = AlbumHeaderView.xib; sourceTree = "<group>"; };
/* End PBXFileReference section */

/* Begin PBXFrameworksBuildPhase section */
		F978679F275A6F0600A48328 /* Frameworks */ = {
			isa = PBXFrameworksBuildPhase;
			buildActionMask = 2147483647;
			files = (
			);
			runOnlyForDeploymentPostprocessing = 0;
		};
		F97867B8275A6F0800A48328 /* Frameworks */ = {
			isa = PBXFrameworksBuildPhase;
			buildActionMask = 2147483647;
			files = (
			);
			runOnlyForDeploymentPostprocessing = 0;
		};
		F97867C2275A6F0800A48328 /* Frameworks */ = {
			isa = PBXFrameworksBuildPhase;
			buildActionMask = 2147483647;
			files = (
			);
			runOnlyForDeploymentPostprocessing = 0;
		};
/* End PBXFrameworksBuildPhase section */

/* Begin PBXGroup section */
		F9786799275A6F0600A48328 = {
			isa = PBXGroup;
			children = (
				F97867A4275A6F0600A48328 /* MusicApp */,
				F97867BE275A6F0800A48328 /* MusicAppTests */,
				F97867C8275A6F0800A48328 /* MusicAppUITests */,
				F97867A3275A6F0600A48328 /* Products */,
			);
			sourceTree = "<group>";
		};
		F97867A3275A6F0600A48328 /* Products */ = {
			isa = PBXGroup;
			children = (
				F97867A2275A6F0600A48328 /* MusicApp.app */,
				F97867BB275A6F0800A48328 /* MusicAppTests.xctest */,
				F97867C5275A6F0800A48328 /* MusicAppUITests.xctest */,
			);
			name = Products;
			sourceTree = "<group>";
		};
		F97867A4275A6F0600A48328 /* MusicApp */ = {
			isa = PBXGroup;
			children = (
				F97867DE275A73AE00A48328 /* Views */,
				F97867DF275A73C400A48328 /* Models */,
				F97867D9275A718D00A48328 /* ViewControllers */,
				F97867A5275A6F0600A48328 /* AppDelegate.swift */,
				F97867A7275A6F0600A48328 /* SceneDelegate.swift */,
				F97867B1275A6F0800A48328 /* Assets.xcassets */,
				F97867B3275A6F0800A48328 /* LaunchScreen.storyboard */,
				F97867B6275A6F0800A48328 /* Info.plist */,
				F97867AE275A6F0600A48328 /* MusicApp.xcdatamodeld */,
			);
			path = MusicApp;
			sourceTree = "<group>";
		};
		F97867BE275A6F0800A48328 /* MusicAppTests */ = {
			isa = PBXGroup;
			children = (
				F97867BF275A6F0800A48328 /* MusicAppTests.swift */,
			);
			path = MusicAppTests;
			sourceTree = "<group>";
		};
		F97867C8275A6F0800A48328 /* MusicAppUITests */ = {
			isa = PBXGroup;
			children = (
				F97867C9275A6F0800A48328 /* MusicAppUITests.swift */,
				F97867CB275A6F0800A48328 /* MusicAppUITestsLaunchTests.swift */,
			);
			path = MusicAppUITests;
			sourceTree = "<group>";
		};
		F97867D9275A718D00A48328 /* ViewControllers */ = {
			isa = PBXGroup;
			children = (
				F97867A9275A6F0600A48328 /* ArtistSearchViewController.swift */,
				F97867DA275A737500A48328 /* AlbumsViewController.swift */,
				F97867DC275A73A100A48328 /* TracksViewController.swift */,
			);
			name = ViewControllers;
			sourceTree = "<group>";
		};
		F97867DE275A73AE00A48328 /* Views */ = {
			isa = PBXGroup;
			children = (
				F97867AB275A6F0600A48328 /* Main.storyboard */,
				F97867E0275BC21B00A48328 /* ArtistTableViewCell.swift */,
				F97867E2275BC22F00A48328 /* AlbumCollectionViewCell.swift */,
				F97867E4275BC24200A48328 /* TrackTableViewCell.swift */,
				F9B020C2276092B700DCDBBC /* ArtistsHeaderView.xib */,
				F9B020C42760952100DCDBBC /* ArtistsHeaderView.swift */,
				F9B020CA2760F8FC00DCDBBC /* AlbumHeaderView.swift */,
				F9B020CC2760F91100DCDBBC /* AlbumHeaderView.xib */,
			);
			path = Views;
			sourceTree = "<group>";
		};
		F97867DF275A73C400A48328 /* Models */ = {
			isa = PBXGroup;
			children = (
				F97867EA275D601E00A48328 /* ArtistModel.swift */,
				F97867E6275BC55E00A48328 /* AlbumModel.swift */,
				F97867EC275D63A700A48328 /* TrackModel.swift */,
				F97867E8275CF5FB00A48328 /* NetworkRequest.swift */,
				F9B020C62760E26C00DCDBBC /* Constants.swift */,
			);
			path = Models;
			sourceTree = "<group>";
		};
/* End PBXGroup section */

/* Begin PBXNativeTarget section */
		F97867A1275A6F0600A48328 /* MusicApp */ = {
			isa = PBXNativeTarget;
			buildConfigurationList = F97867CF275A6F0800A48328 /* Build configuration list for PBXNativeTarget "MusicApp" */;
			buildPhases = (
				F978679E275A6F0600A48328 /* Sources */,
				F978679F275A6F0600A48328 /* Frameworks */,
				F97867A0275A6F0600A48328 /* Resources */,
			);
			buildRules = (
			);
			dependencies = (
			);
			name = MusicApp;
			productName = MusicApp;
			productReference = F97867A2275A6F0600A48328 /* MusicApp.app */;
			productType = "com.apple.product-type.application";
		};
		F97867BA275A6F0800A48328 /* MusicAppTests */ = {
			isa = PBXNativeTarget;
			buildConfigurationList = F97867D2275A6F0800A48328 /* Build configuration list for PBXNativeTarget "MusicAppTests" */;
			buildPhases = (
				F97867B7275A6F0800A48328 /* Sources */,
				F97867B8275A6F0800A48328 /* Frameworks */,
				F97867B9275A6F0800A48328 /* Resources */,
			);
			buildRules = (
			);
			dependencies = (
				F97867BD275A6F0800A48328 /* PBXTargetDependency */,
			);
			name = MusicAppTests;
			productName = MusicAppTests;
			productReference = F97867BB275A6F0800A48328 /* MusicAppTests.xctest */;
			productType = "com.apple.product-type.bundle.unit-test";
		};
		F97867C4275A6F0800A48328 /* MusicAppUITests */ = {
			isa = PBXNativeTarget;
			buildConfigurationList = F97867D5275A6F0800A48328 /* Build configuration list for PBXNativeTarget "MusicAppUITests" */;
			buildPhases = (
				F97867C1275A6F0800A48328 /* Sources */,
				F97867C2275A6F0800A48328 /* Frameworks */,
				F97867C3275A6F0800A48328 /* Resources */,
			);
			buildRules = (
			);
			dependencies = (
				F97867C7275A6F0800A48328 /* PBXTargetDependency */,
			);
			name = MusicAppUITests;
			productName = MusicAppUITests;
			productReference = F97867C5275A6F0800A48328 /* MusicAppUITests.xctest */;
			productType = "com.apple.product-type.bundle.ui-testing";
		};
/* End PBXNativeTarget section */

/* Begin PBXProject section */
		F978679A275A6F0600A48328 /* Project object */ = {
			isa = PBXProject;
			attributes = {
				BuildIndependentTargetsInParallel = 1;
				LastSwiftUpdateCheck = 1300;
				LastUpgradeCheck = 1300;
				TargetAttributes = {
					F97867A1275A6F0600A48328 = {
						CreatedOnToolsVersion = 13.0;
					};
					F97867BA275A6F0800A48328 = {
						CreatedOnToolsVersion = 13.0;
						TestTargetID = F97867A1275A6F0600A48328;
					};
					F97867C4275A6F0800A48328 = {
						CreatedOnToolsVersion = 13.0;
						TestTargetID = F97867A1275A6F0600A48328;
					};
				};
			};
			buildConfigurationList = F978679D275A6F0600A48328 /* Build configuration list for PBXProject "MusicApp" */;
			compatibilityVersion = "Xcode 13.0";
			developmentRegion = en;
			hasScannedForEncodings = 0;
			knownRegions = (
				en,
				Base,
			);
			mainGroup = F9786799275A6F0600A48328;
			productRefGroup = F97867A3275A6F0600A48328 /* Products */;
			projectDirPath = "";
			projectRoot = "";
			targets = (
				F97867A1275A6F0600A48328 /* MusicApp */,
				F97867BA275A6F0800A48328 /* MusicAppTests */,
				F97867C4275A6F0800A48328 /* MusicAppUITests */,
			);
		};
/* End PBXProject section */

/* Begin PBXResourcesBuildPhase section */
		F97867A0275A6F0600A48328 /* Resources */ = {
			isa = PBXResourcesBuildPhase;
			buildActionMask = 2147483647;
			files = (
				F9B020CD2760F91100DCDBBC /* AlbumHeaderView.xib in Resources */,
				F9B020C3276092B700DCDBBC /* ArtistsHeaderView.xib in Resources */,
				F97867B5275A6F0800A48328 /* LaunchScreen.storyboard in Resources */,
				F97867B2275A6F0800A48328 /* Assets.xcassets in Resources */,
				F97867AD275A6F0600A48328 /* Main.storyboard in Resources */,
			);
			runOnlyForDeploymentPostprocessing = 0;
		};
		F97867B9275A6F0800A48328 /* Resources */ = {
			isa = PBXResourcesBuildPhase;
			buildActionMask = 2147483647;
			files = (
			);
			runOnlyForDeploymentPostprocessing = 0;
		};
		F97867C3275A6F0800A48328 /* Resources */ = {
			isa = PBXResourcesBuildPhase;
			buildActionMask = 2147483647;
			files = (
			);
			runOnlyForDeploymentPostprocessing = 0;
		};
/* End PBXResourcesBuildPhase section */

/* Begin PBXSourcesBuildPhase section */
		F978679E275A6F0600A48328 /* Sources */ = {
			isa = PBXSourcesBuildPhase;
			buildActionMask = 2147483647;
			files = (
				F97867ED275D63A700A48328 /* TrackModel.swift in Sources */,
				F97867E3275BC22F00A48328 /* AlbumCollectionViewCell.swift in Sources */,
				F97867E7275BC55E00A48328 /* AlbumModel.swift in Sources */,
				F97867DD275A73A100A48328 /* TracksViewController.swift in Sources */,
				F97867AA275A6F0600A48328 /* ArtistSearchViewController.swift in Sources */,
				F9B020C72760E26C00DCDBBC /* Constants.swift in Sources */,
				F97867EB275D601E00A48328 /* ArtistModel.swift in Sources */,
				F97867A6275A6F0600A48328 /* AppDelegate.swift in Sources */,
				F97867E5275BC24200A48328 /* TrackTableViewCell.swift in Sources */,
				F97867DB275A737500A48328 /* AlbumsViewController.swift in Sources */,
				F97867A8275A6F0600A48328 /* SceneDelegate.swift in Sources */,
				F97867E9275CF5FB00A48328 /* NetworkRequest.swift in Sources */,
				F9B020CB2760F8FC00DCDBBC /* AlbumHeaderView.swift in Sources */,
				F97867B0275A6F0600A48328 /* MusicApp.xcdatamodeld in Sources */,
				F9B020C52760952100DCDBBC /* ArtistsHeaderView.swift in Sources */,
				F97867E1275BC21B00A48328 /* ArtistTableViewCell.swift in Sources */,
			);
			runOnlyForDeploymentPostprocessing = 0;
		};
		F97867B7275A6F0800A48328 /* Sources */ = {
			isa = PBXSourcesBuildPhase;
			buildActionMask = 2147483647;
			files = (
				F97867C0275A6F0800A48328 /* MusicAppTests.swift in Sources */,
			);
			runOnlyForDeploymentPostprocessing = 0;
		};
		F97867C1275A6F0800A48328 /* Sources */ = {
			isa = PBXSourcesBuildPhase;
			buildActionMask = 2147483647;
			files = (
				F97867CC275A6F0800A48328 /* MusicAppUITestsLaunchTests.swift in Sources */,
				F97867CA275A6F0800A48328 /* MusicAppUITests.swift in Sources */,
			);
			runOnlyForDeploymentPostprocessing = 0;
		};
/* End PBXSourcesBuildPhase section */

/* Begin PBXTargetDependency section */
		F97867BD275A6F0800A48328 /* PBXTargetDependency */ = {
			isa = PBXTargetDependency;
			target = F97867A1275A6F0600A48328 /* MusicApp */;
			targetProxy = F97867BC275A6F0800A48328 /* PBXContainerItemProxy */;
		};
		F97867C7275A6F0800A48328 /* PBXTargetDependency */ = {
			isa = PBXTargetDependency;
			target = F97867A1275A6F0600A48328 /* MusicApp */;
			targetProxy = F97867C6275A6F0800A48328 /* PBXContainerItemProxy */;
		};
/* End PBXTargetDependency section */

/* Begin PBXVariantGroup section */
		F97867AB275A6F0600A48328 /* Main.storyboard */ = {
			isa = PBXVariantGroup;
			children = (
				F97867AC275A6F0600A48328 /* Base */,
			);
			name = Main.storyboard;
			sourceTree = "<group>";
		};
		F97867B3275A6F0800A48328 /* LaunchScreen.storyboard */ = {
			isa = PBXVariantGroup;
			children = (
				F97867B4275A6F0800A48328 /* Base */,
			);
			name = LaunchScreen.storyboard;
			sourceTree = "<group>";
		};
/* End PBXVariantGroup section */

/* Begin XCBuildConfiguration section */
		F97867CD275A6F0800A48328 /* Debug */ = {
			isa = XCBuildConfiguration;
			buildSettings = {
				ALWAYS_SEARCH_USER_PATHS = NO;
				CLANG_ANALYZER_NONNULL = YES;
				CLANG_ANALYZER_NUMBER_OBJECT_CONVERSION = YES_AGGRESSIVE;
				CLANG_CXX_LANGUAGE_STANDARD = "gnu++17";
				CLANG_CXX_LIBRARY = "libc++";
				CLANG_ENABLE_MODULES = YES;
				CLANG_ENABLE_OBJC_ARC = YES;
				CLANG_ENABLE_OBJC_WEAK = YES;
				CLANG_WARN_BLOCK_CAPTURE_AUTORELEASING = YES;
				CLANG_WARN_BOOL_CONVERSION = YES;
				CLANG_WARN_COMMA = YES;
				CLANG_WARN_CONSTANT_CONVERSION = YES;
				CLANG_WARN_DEPRECATED_OBJC_IMPLEMENTATIONS = YES;
				CLANG_WARN_DIRECT_OBJC_ISA_USAGE = YES_ERROR;
				CLANG_WARN_DOCUMENTATION_COMMENTS = YES;
				CLANG_WARN_EMPTY_BODY = YES;
				CLANG_WARN_ENUM_CONVERSION = YES;
				CLANG_WARN_INFINITE_RECURSION = YES;
				CLANG_WARN_INT_CONVERSION = YES;
				CLANG_WARN_NON_LITERAL_NULL_CONVERSION = YES;
				CLANG_WARN_OBJC_IMPLICIT_RETAIN_SELF = YES;
				CLANG_WARN_OBJC_LITERAL_CONVERSION = YES;
				CLANG_WARN_OBJC_ROOT_CLASS = YES_ERROR;
				CLANG_WARN_QUOTED_INCLUDE_IN_FRAMEWORK_HEADER = YES;
				CLANG_WARN_RANGE_LOOP_ANALYSIS = YES;
				CLANG_WARN_STRICT_PROTOTYPES = YES;
				CLANG_WARN_SUSPICIOUS_MOVE = YES;
				CLANG_WARN_UNGUARDED_AVAILABILITY = YES_AGGRESSIVE;
				CLANG_WARN_UNREACHABLE_CODE = YES;
				CLANG_WARN__DUPLICATE_METHOD_MATCH = YES;
				COPY_PHASE_STRIP = NO;
				DEBUG_INFORMATION_FORMAT = dwarf;
				ENABLE_STRICT_OBJC_MSGSEND = YES;
				ENABLE_TESTABILITY = YES;
				GCC_C_LANGUAGE_STANDARD = gnu11;
				GCC_DYNAMIC_NO_PIC = NO;
				GCC_NO_COMMON_BLOCKS = YES;
				GCC_OPTIMIZATION_LEVEL = 0;
				GCC_PREPROCESSOR_DEFINITIONS = (
					"DEBUG=1",
					"$(inherited)",
				);
				GCC_WARN_64_TO_32_BIT_CONVERSION = YES;
				GCC_WARN_ABOUT_RETURN_TYPE = YES_ERROR;
				GCC_WARN_UNDECLARED_SELECTOR = YES;
				GCC_WARN_UNINITIALIZED_AUTOS = YES_AGGRESSIVE;
				GCC_WARN_UNUSED_FUNCTION = YES;
				GCC_WARN_UNUSED_VARIABLE = YES;
				IPHONEOS_DEPLOYMENT_TARGET = 15.0;
				MTL_ENABLE_DEBUG_INFO = INCLUDE_SOURCE;
				MTL_FAST_MATH = YES;
				ONLY_ACTIVE_ARCH = YES;
				SDKROOT = iphoneos;
				SWIFT_ACTIVE_COMPILATION_CONDITIONS = DEBUG;
				SWIFT_OPTIMIZATION_LEVEL = "-Onone";
			};
			name = Debug;
		};
		F97867CE275A6F0800A48328 /* Release */ = {
			isa = XCBuildConfiguration;
			buildSettings = {
				ALWAYS_SEARCH_USER_PATHS = NO;
				CLANG_ANALYZER_NONNULL = YES;
				CLANG_ANALYZER_NUMBER_OBJECT_CONVERSION = YES_AGGRESSIVE;
				CLANG_CXX_LANGUAGE_STANDARD = "gnu++17";
				CLANG_CXX_LIBRARY = "libc++";
				CLANG_ENABLE_MODULES = YES;
				CLANG_ENABLE_OBJC_ARC = YES;
				CLANG_ENABLE_OBJC_WEAK = YES;
				CLANG_WARN_BLOCK_CAPTURE_AUTORELEASING = YES;
				CLANG_WARN_BOOL_CONVERSION = YES;
				CLANG_WARN_COMMA = YES;
				CLANG_WARN_CONSTANT_CONVERSION = YES;
				CLANG_WARN_DEPRECATED_OBJC_IMPLEMENTATIONS = YES;
				CLANG_WARN_DIRECT_OBJC_ISA_USAGE = YES_ERROR;
				CLANG_WARN_DOCUMENTATION_COMMENTS = YES;
				CLANG_WARN_EMPTY_BODY = YES;
				CLANG_WARN_ENUM_CONVERSION = YES;
				CLANG_WARN_INFINITE_RECURSION = YES;
				CLANG_WARN_INT_CONVERSION = YES;
				CLANG_WARN_NON_LITERAL_NULL_CONVERSION = YES;
				CLANG_WARN_OBJC_IMPLICIT_RETAIN_SELF = YES;
				CLANG_WARN_OBJC_LITERAL_CONVERSION = YES;
				CLANG_WARN_OBJC_ROOT_CLASS = YES_ERROR;
				CLANG_WARN_QUOTED_INCLUDE_IN_FRAMEWORK_HEADER = YES;
				CLANG_WARN_RANGE_LOOP_ANALYSIS = YES;
				CLANG_WARN_STRICT_PROTOTYPES = YES;
				CLANG_WARN_SUSPICIOUS_MOVE = YES;
				CLANG_WARN_UNGUARDED_AVAILABILITY = YES_AGGRESSIVE;
				CLANG_WARN_UNREACHABLE_CODE = YES;
				CLANG_WARN__DUPLICATE_METHOD_MATCH = YES;
				COPY_PHASE_STRIP = NO;
				DEBUG_INFORMATION_FORMAT = "dwarf-with-dsym";
				ENABLE_NS_ASSERTIONS = NO;
				ENABLE_STRICT_OBJC_MSGSEND = YES;
				GCC_C_LANGUAGE_STANDARD = gnu11;
				GCC_NO_COMMON_BLOCKS = YES;
				GCC_WARN_64_TO_32_BIT_CONVERSION = YES;
				GCC_WARN_ABOUT_RETURN_TYPE = YES_ERROR;
				GCC_WARN_UNDECLARED_SELECTOR = YES;
				GCC_WARN_UNINITIALIZED_AUTOS = YES_AGGRESSIVE;
				GCC_WARN_UNUSED_FUNCTION = YES;
				GCC_WARN_UNUSED_VARIABLE = YES;
				IPHONEOS_DEPLOYMENT_TARGET = 15.0;
				MTL_ENABLE_DEBUG_INFO = NO;
				MTL_FAST_MATH = YES;
				SDKROOT = iphoneos;
				SWIFT_COMPILATION_MODE = wholemodule;
				SWIFT_OPTIMIZATION_LEVEL = "-O";
				VALIDATE_PRODUCT = YES;
			};
			name = Release;
		};
		F97867D0275A6F0800A48328 /* Debug */ = {
			isa = XCBuildConfiguration;
			buildSettings = {
				ASSETCATALOG_COMPILER_APPICON_NAME = AppIcon;
				ASSETCATALOG_COMPILER_GLOBAL_ACCENT_COLOR_NAME = AccentColor;
				CODE_SIGN_STYLE = Automatic;
				CURRENT_PROJECT_VERSION = 1;
				DEVELOPMENT_TEAM = AV2H9XQRW8;
				GENERATE_INFOPLIST_FILE = YES;
				INFOPLIST_FILE = MusicApp/Info.plist;
				INFOPLIST_KEY_UIApplicationSupportsIndirectInputEvents = YES;
				INFOPLIST_KEY_UILaunchStoryboardName = LaunchScreen;
				INFOPLIST_KEY_UIMainStoryboardFile = Main;
				INFOPLIST_KEY_UISupportedInterfaceOrientations_iPad = "UIInterfaceOrientationPortrait UIInterfaceOrientationPortraitUpsideDown UIInterfaceOrientationLandscapeLeft UIInterfaceOrientationLandscapeRight";
				INFOPLIST_KEY_UISupportedInterfaceOrientations_iPhone = "UIInterfaceOrientationPortrait UIInterfaceOrientationLandscapeLeft UIInterfaceOrientationLandscapeRight";
				LD_RUNPATH_SEARCH_PATHS = (
					"$(inherited)",
					"@executable_path/Frameworks",
				);
				MARKETING_VERSION = 1.0;
				PRODUCT_BUNDLE_IDENTIFIER = A.MusicApp;
				PRODUCT_NAME = "$(TARGET_NAME)";
				SWIFT_EMIT_LOC_STRINGS = YES;
				SWIFT_VERSION = 5.0;
				TARGETED_DEVICE_FAMILY = "1,2";
			};
			name = Debug;
		};
		F97867D1275A6F0800A48328 /* Release */ = {
			isa = XCBuildConfiguration;
			buildSettings = {
				ASSETCATALOG_COMPILER_APPICON_NAME = AppIcon;
				ASSETCATALOG_COMPILER_GLOBAL_ACCENT_COLOR_NAME = AccentColor;
				CODE_SIGN_STYLE = Automatic;
				CURRENT_PROJECT_VERSION = 1;
				DEVELOPMENT_TEAM = AV2H9XQRW8;
				GENERATE_INFOPLIST_FILE = YES;
				INFOPLIST_FILE = MusicApp/Info.plist;
				INFOPLIST_KEY_UIApplicationSupportsIndirectInputEvents = YES;
				INFOPLIST_KEY_UILaunchStoryboardName = LaunchScreen;
				INFOPLIST_KEY_UIMainStoryboardFile = Main;
				INFOPLIST_KEY_UISupportedInterfaceOrientations_iPad = "UIInterfaceOrientationPortrait UIInterfaceOrientationPortraitUpsideDown UIInterfaceOrientationLandscapeLeft UIInterfaceOrientationLandscapeRight";
				INFOPLIST_KEY_UISupportedInterfaceOrientations_iPhone = "UIInterfaceOrientationPortrait UIInterfaceOrientationLandscapeLeft UIInterfaceOrientationLandscapeRight";
				LD_RUNPATH_SEARCH_PATHS = (
					"$(inherited)",
					"@executable_path/Frameworks",
				);
				MARKETING_VERSION = 1.0;
				PRODUCT_BUNDLE_IDENTIFIER = A.MusicApp;
				PRODUCT_NAME = "$(TARGET_NAME)";
				SWIFT_EMIT_LOC_STRINGS = YES;
				SWIFT_VERSION = 5.0;
				TARGETED_DEVICE_FAMILY = "1,2";
			};
			name = Release;
		};
		F97867D3275A6F0800A48328 /* Debug */ = {
			isa = XCBuildConfiguration;
			buildSettings = {
				ALWAYS_EMBED_SWIFT_STANDARD_LIBRARIES = YES;
				BUNDLE_LOADER = "$(TEST_HOST)";
				CODE_SIGN_STYLE = Automatic;
				CURRENT_PROJECT_VERSION = 1;
				GENERATE_INFOPLIST_FILE = YES;
				IPHONEOS_DEPLOYMENT_TARGET = 15.0;
				LD_RUNPATH_SEARCH_PATHS = (
					"$(inherited)",
					"@executable_path/Frameworks",
					"@loader_path/Frameworks",
				);
				MARKETING_VERSION = 1.0;
				PRODUCT_BUNDLE_IDENTIFIER = A.MusicAppTests;
				PRODUCT_NAME = "$(TARGET_NAME)";
				SWIFT_EMIT_LOC_STRINGS = NO;
				SWIFT_VERSION = 5.0;
				TARGETED_DEVICE_FAMILY = "1,2";
				TEST_HOST = "$(BUILT_PRODUCTS_DIR)/MusicApp.app/MusicApp";
			};
			name = Debug;
		};
		F97867D4275A6F0800A48328 /* Release */ = {
			isa = XCBuildConfiguration;
			buildSettings = {
				ALWAYS_EMBED_SWIFT_STANDARD_LIBRARIES = YES;
				BUNDLE_LOADER = "$(TEST_HOST)";
				CODE_SIGN_STYLE = Automatic;
				CURRENT_PROJECT_VERSION = 1;
				GENERATE_INFOPLIST_FILE = YES;
				IPHONEOS_DEPLOYMENT_TARGET = 15.0;
				LD_RUNPATH_SEARCH_PATHS = (
					"$(inherited)",
					"@executable_path/Frameworks",
					"@loader_path/Frameworks",
				);
				MARKETING_VERSION = 1.0;
				PRODUCT_BUNDLE_IDENTIFIER = A.MusicAppTests;
				PRODUCT_NAME = "$(TARGET_NAME)";
				SWIFT_EMIT_LOC_STRINGS = NO;
				SWIFT_VERSION = 5.0;
				TARGETED_DEVICE_FAMILY = "1,2";
				TEST_HOST = "$(BUILT_PRODUCTS_DIR)/MusicApp.app/MusicApp";
			};
			name = Release;
		};
		F97867D6275A6F0800A48328 /* Debug */ = {
			isa = XCBuildConfiguration;
			buildSettings = {
				ALWAYS_EMBED_SWIFT_STANDARD_LIBRARIES = YES;
				CODE_SIGN_STYLE = Automatic;
				CURRENT_PROJECT_VERSION = 1;
				GENERATE_INFOPLIST_FILE = YES;
				LD_RUNPATH_SEARCH_PATHS = (
					"$(inherited)",
					"@executable_path/Frameworks",
					"@loader_path/Frameworks",
				);
				MARKETING_VERSION = 1.0;
				PRODUCT_BUNDLE_IDENTIFIER = A.MusicAppUITests;
				PRODUCT_NAME = "$(TARGET_NAME)";
				SWIFT_EMIT_LOC_STRINGS = NO;
				SWIFT_VERSION = 5.0;
				TARGETED_DEVICE_FAMILY = "1,2";
				TEST_TARGET_NAME = MusicApp;
			};
			name = Debug;
		};
		F97867D7275A6F0800A48328 /* Release */ = {
			isa = XCBuildConfiguration;
			buildSettings = {
				ALWAYS_EMBED_SWIFT_STANDARD_LIBRARIES = YES;
				CODE_SIGN_STYLE = Automatic;
				CURRENT_PROJECT_VERSION = 1;
				GENERATE_INFOPLIST_FILE = YES;
				LD_RUNPATH_SEARCH_PATHS = (
					"$(inherited)",
					"@executable_path/Frameworks",
					"@loader_path/Frameworks",
				);
				MARKETING_VERSION = 1.0;
				PRODUCT_BUNDLE_IDENTIFIER = A.MusicAppUITests;
				PRODUCT_NAME = "$(TARGET_NAME)";
				SWIFT_EMIT_LOC_STRINGS = NO;
				SWIFT_VERSION = 5.0;
				TARGETED_DEVICE_FAMILY = "1,2";
				TEST_TARGET_NAME = MusicApp;
			};
			name = Release;
		};
/* End XCBuildConfiguration section */

/* Begin XCConfigurationList section */
		F978679D275A6F0600A48328 /* Build configuration list for PBXProject "MusicApp" */ = {
			isa = XCConfigurationList;
			buildConfigurations = (
				F97867CD275A6F0800A48328 /* Debug */,
				F97867CE275A6F0800A48328 /* Release */,
			);
			defaultConfigurationIsVisible = 0;
			defaultConfigurationName = Release;
		};
		F97867CF275A6F0800A48328 /* Build configuration list for PBXNativeTarget "MusicApp" */ = {
			isa = XCConfigurationList;
			buildConfigurations = (
				F97867D0275A6F0800A48328 /* Debug */,
				F97867D1275A6F0800A48328 /* Release */,
			);
			defaultConfigurationIsVisible = 0;
			defaultConfigurationName = Release;
		};
		F97867D2275A6F0800A48328 /* Build configuration list for PBXNativeTarget "MusicAppTests" */ = {
			isa = XCConfigurationList;
			buildConfigurations = (
				F97867D3275A6F0800A48328 /* Debug */,
				F97867D4275A6F0800A48328 /* Release */,
			);
			defaultConfigurationIsVisible = 0;
			defaultConfigurationName = Release;
		};
		F97867D5275A6F0800A48328 /* Build configuration list for PBXNativeTarget "MusicAppUITests" */ = {
			isa = XCConfigurationList;
			buildConfigurations = (
				F97867D6275A6F0800A48328 /* Debug */,
				F97867D7275A6F0800A48328 /* Release */,
			);
			defaultConfigurationIsVisible = 0;
			defaultConfigurationName = Release;
		};
/* End XCConfigurationList section */

/* Begin XCVersionGroup section */
		F97867AE275A6F0600A48328 /* MusicApp.xcdatamodeld */ = {
			isa = XCVersionGroup;
			children = (
				F97867AF275A6F0600A48328 /* MusicApp.xcdatamodel */,
			);
			currentVersion = F97867AF275A6F0600A48328 /* MusicApp.xcdatamodel */;
			path = MusicApp.xcdatamodeld;
			sourceTree = "<group>";
			versionGroupType = wrapper.xcdatamodel;
		};
/* End XCVersionGroup section */
	};
	rootObject = F978679A275A6F0600A48328 /* Project object */;
}
